lockfileVersion: '6.0'

settings:
  autoInstallPeers: true
  excludeLinksFromLockfile: false

dependencies:
  '@ghuser/github-contribs':
    specifier: ^2.2.4
    version: 2.2.4
  '@popperjs/core':
    specifier: ^2.11.8
    version: 2.11.8
  PHP-Minecraft-Query:
    specifier: https://github.com/xPaw/PHP-Minecraft-Query
    version: github.com/xPaw/PHP-Minecraft-Query/24de69ac33c254aa6ea88cbc4ac2a212ae1b9a86
  PHP-Source-Query:
    specifier: https://github.com/xPaw/PHP-Source-Query
    version: github.com/xPaw/PHP-Source-Query/f82a59f1f5a58369e8d3a03f62a87d6debba1e2a
  bootstrap:
    specifier: ^5.3.2
    version: 5.3.2(@popperjs/core@2.11.8)
  bootstrap-icons:
    specifier: ^1.11.2
    version: 1.11.2
  chart.js:
    specifier: ^4.4.1
    version: 4.4.1
  clipboard:
    specifier: ^2.0.11
    version: 2.0.11
  jquery:
    specifier: ^3.7.1
    version: 3.7.1
  masonry-layout:
    specifier: ^4.2.2
    version: 4.2.2

packages:

  /@ghuser/github-contribs@2.2.4:
    resolution: {integrity: sha512-63p3xrXY00xfy4n2hdWwoHVKM3oj3AjcYDg29LfHAUylRgXHYWPFIdVgx2vi7es57MICKsMdJOF3veId8HF4+Q==}
    engines: {node: '>=8'}
    hasBin: true
    dependencies:
      es6-promise-pool: 2.5.0
      fetch-retry: 1.2.1
      htmlparser: 1.7.7
      meow: 3.7.0
      moment: 2.29.4
      ora: 2.1.0
    dev: false

  /@kurkle/color@0.3.2:
    resolution: {integrity: sha512-fuscdXJ9G1qb7W8VdHi+IwRqij3lBkosAm4ydQtEmbY58OzHXqQhvlxqEkoz0yssNVn38bcpRWgA9PP+OGoisw==}
    dev: false

  /@popperjs/core@2.11.8:
    resolution: {integrity: sha512-P1st0aksCrn9sGZhp8GMYwBnQsbvAWsZAX44oXNNvLHGqAOcoVxmjZiohstwQ7SqKnbR47akdNi+uleWD8+g6A==}
    dev: false

  /ansi-regex@3.0.1:
    resolution: {integrity: sha512-+O9Jct8wf++lXxxFc4hc8LsjaSq0HFzzL7cVsw8pRDIPdjKD2mT4ytDZlLuSBZ4cLKZFXIrMGO7DbQCtMJJMKw==}
    engines: {node: '>=4'}
    dev: false

  /ansi-styles@3.2.1:
    resolution: {integrity: sha512-VT0ZI6kZRdTh8YyJw3SMbYm/u+NqfsAxEpWO0Pf9sq8/e94WxxOpPKx9FR1FlyCtOVDNOQ+8ntlqFxiRc+r5qA==}
    engines: {node: '>=4'}
    dependencies:
      color-convert: 1.9.3
    dev: false

  /array-find-index@1.0.2:
    resolution: {integrity: sha512-M1HQyIXcBGtVywBt8WVdim+lrNaK7VHp99Qt5pSNziXznKHViIBbXWtfRTpEFpF/c4FdfxNAsCCwPp5phBYJtw==}
    engines: {node: '>=0.10.0'}
    dev: false

  /bootstrap-icons@1.11.2:
    resolution: {integrity: sha512-TgdiPv+IM9tgDb+dsxrnGIyocsk85d2M7T0qIgkvPedZeoZfyeG/j+yiAE4uHCEayKef2RP05ahQ0/e9Sv75Wg==}
    dev: false

  /bootstrap@5.3.2(@popperjs/core@2.11.8):
    resolution: {integrity: sha512-D32nmNWiQHo94BKHLmOrdjlL05q1c8oxbtBphQFb9Z5to6eGRDCm0QgeaZ4zFBHzfg2++rqa2JkqCcxDy0sH0g==}
    peerDependencies:
      '@popperjs/core': ^2.11.8
    dependencies:
      '@popperjs/core': 2.11.8
    dev: false

  /camelcase-keys@2.1.0:
    resolution: {integrity: sha512-bA/Z/DERHKqoEOrp+qeGKw1QlvEQkGZSc0XaY6VnTxZr+Kv1G5zFwttpjv8qxZ/sBPT4nthwZaAcsAZTJlSKXQ==}
    engines: {node: '>=0.10.0'}
    dependencies:
      camelcase: 2.1.1
      map-obj: 1.0.1
    dev: false

  /camelcase@2.1.1:
    resolution: {integrity: sha512-DLIsRzJVBQu72meAKPkWQOLcujdXT32hwdfnkI1frSiSRMK1MofjKHf+MEx0SB6fjEFXL8fBDv1dKymBlOp4Qw==}
    engines: {node: '>=0.10.0'}
    dev: false

  /chalk@2.4.2:
    resolution: {integrity: sha512-Mti+f9lpJNcwF4tWV8/OrTTtF1gZi+f8FqlyAdouralcFWFQWF2+NgCHShjkCb+IFBLq9buZwE1xckQU4peSuQ==}
    engines: {node: '>=4'}
    dependencies:
      ansi-styles: 3.2.1
      escape-string-regexp: 1.0.5
      supports-color: 5.5.0
    dev: false

  /chart.js@4.4.1:
    resolution: {integrity: sha512-C74QN1bxwV1v2PEujhmKjOZ7iUM4w6BWs23Md/6aOZZSlwMzeCIDGuZay++rBgChYru7/+QFeoQW0fQoP534Dg==}
    engines: {pnpm: '>=7'}
    dependencies:
      '@kurkle/color': 0.3.2
    dev: false

  /cli-cursor@2.1.0:
    resolution: {integrity: sha512-8lgKz8LmCRYZZQDpRyT2m5rKJ08TnU4tR9FFFW2rxpxR1FzWi4PQ/NfyODchAatHaUgnSPVcx/R5w6NuTBzFiw==}
    engines: {node: '>=4'}
    dependencies:
      restore-cursor: 2.0.0
    dev: false

  /cli-spinners@1.3.1:
    resolution: {integrity: sha512-1QL4544moEsDVH9T/l6Cemov/37iv1RtoKf7NJ04A60+4MREXNfx/QvavbH6QoGdsD4N4Mwy49cmaINR/o2mdg==}
    engines: {node: '>=4'}
    dev: false

  /clipboard@2.0.11:
    resolution: {integrity: sha512-C+0bbOqkezLIsmWSvlsXS0Q0bmkugu7jcfMIACB+RDEntIzQIkdr148we28AfSloQLRdZlYL/QYyrq05j/3Faw==}
    dependencies:
      good-listener: 1.2.2
      select: 1.1.2
      tiny-emitter: 2.1.0
    dev: false

  /clone@1.0.4:
    resolution: {integrity: sha512-JQHZ2QMW6l3aH/j6xCqQThY/9OH4D/9ls34cgkUBiEeocRTU04tHfKPBsUK1PqZCUQM7GiA0IIXJSuXHI64Kbg==}
    engines: {node: '>=0.8'}
    dev: false

  /color-convert@1.9.3:
    resolution: {integrity: sha512-QfAUtd+vFdAtFQcC8CCyYt1fYWxSqAiK2cSD6zDB8N3cpsEBAvRxp9zOGg6G/SHHJYAT88/az/IuDGALsNVbGg==}
    dependencies:
      color-name: 1.1.3
    dev: false

  /color-name@1.1.3:
    resolution: {integrity: sha512-72fSenhMw2HZMTVHeCA9KCmpEIbzWiQsjN+BHcBbS9vr1mtt+vJjPdksIBNUmKAW8TFUDPJK5SUU3QhE9NEXDw==}
    dev: false

  /currently-unhandled@0.4.1:
    resolution: {integrity: sha512-/fITjgjGU50vjQ4FH6eUoYu+iUoUKIXws2hL15JJpIR+BbTxaXQsMuuyjtNh2WqsSBS5nsaZHFsFecyw5CCAng==}
    engines: {node: '>=0.10.0'}
    dependencies:
      array-find-index: 1.0.2
    dev: false

  /decamelize@1.2.0:
    resolution: {integrity: sha512-z2S+W9X73hAUUki+N+9Za2lBlun89zigOyGrsax+KUQ6wKW4ZoWpEYBkGhQjwAjjDCkWxhY0VKEhk8wzY7F5cA==}
    engines: {node: '>=0.10.0'}
    dev: false

  /defaults@1.0.4:
    resolution: {integrity: sha512-eFuaLoy/Rxalv2kr+lqMlUnrDWV+3j4pljOIJgLIhI058IQfWJ7vXhyEIHu+HtC738klGALYxOKDO0bQP3tg8A==}
    dependencies:
      clone: 1.0.4
    dev: false

  /delegate@3.2.0:
    resolution: {integrity: sha512-IofjkYBZaZivn0V8nnsMJGBr4jVLxHDheKSW88PyxS5QC4Vo9ZbZVvhzlSxY87fVq3STR6r+4cGepyHkcWOQSw==}
    dev: false

  /desandro-matches-selector@2.0.2:
    resolution: {integrity: sha512-+1q0nXhdzg1IpIJdMKalUwvvskeKnYyEe3shPRwedNcWtnhEKT3ZxvFjzywHDeGcKViIxTCAoOYQWP1qD7VNyg==}
    dev: false

  /encoding@0.1.13:
    resolution: {integrity: sha512-ETBauow1T35Y/WZMkio9jiM0Z5xjHHmJ4XmjZOq1l/dXz3lr2sRn87nJy20RupqSh1F2m3HHPSp8ShIPQJrJ3A==}
    dependencies:
      iconv-lite: 0.6.3
    dev: false

  /error-ex@1.3.2:
    resolution: {integrity: sha512-7dFHNmqeFSEt2ZBsCriorKnn3Z2pj+fd9kmI6QoWw4//DL+icEBfc0U7qJCisqrTsKTjw4fNFy2pW9OqStD84g==}
    dependencies:
      is-arrayish: 0.2.1
    dev: false

  /es6-promise-pool@2.5.0:
    resolution: {integrity: sha512-VHErXfzR/6r/+yyzPKeBvO0lgjfC5cbDCQWjWwMZWSb6YU39TGIl51OUmCfWCq4ylMdJSB8zkz2vIuIeIxXApA==}
    engines: {node: '>=0.10.0'}
    dev: false

  /es6-promise@4.2.8:
    resolution: {integrity: sha512-HJDGx5daxeIvxdBxvG2cb9g4tEvwIk3i8+nhX0yGrYmZUzbkdg8QbDevheDB8gd0//uPj4c1EQua8Q+MViT0/w==}
    dev: false

  /escape-string-regexp@1.0.5:
    resolution: {integrity: sha512-vbRorB5FUQWvla16U8R/qgaFIya2qGzwDrNmCZuYKrbdSUMG6I1ZCGQRefkRVhuOkIGVne7BQ35DSfo1qvJqFg==}
    engines: {node: '>=0.8.0'}
    dev: false

  /ev-emitter@1.1.1:
    resolution: {integrity: sha512-ipiDYhdQSCZ4hSbX4rMW+XzNKMD1prg/sTvoVmSLkuQ1MVlwjJQQA+sW8tMYR3BLUr9KjodFV4pvzunvRhd33Q==}
    dev: false

  /fetch-retry@1.2.1:
    resolution: {integrity: sha512-Ql75UwzZDpAMm3b2mQpu7jQqqx7RP58ZcnKxg3uHqNvI/1XUMA5nhGdMaiEc/QppwrlkHA/S20NVetSMbiWA9Q==}
    dependencies:
      es6-promise: 4.2.8
      isomorphic-fetch: 2.2.1
    dev: false

  /find-up@1.1.2:
    resolution: {integrity: sha512-jvElSjyuo4EMQGoTwo1uJU5pQMwTW5lS1x05zzfJuTIyLR3zwO27LYrxNg+dlvKpGOuGy/MzBdXh80g0ve5+HA==}
    engines: {node: '>=0.10.0'}
    dependencies:
      path-exists: 2.1.0
      pinkie-promise: 2.0.1
    dev: false

  /fizzy-ui-utils@2.0.7:
    resolution: {integrity: sha512-CZXDVXQ1If3/r8s0T+v+qVeMshhfcuq0rqIFgJnrtd+Bu8GmDmqMjntjUePypVtjHXKJ6V4sw9zeyox34n9aCg==}
    dependencies:
      desandro-matches-selector: 2.0.2
    dev: false

  /function-bind@1.1.2:
    resolution: {integrity: sha512-7XHNxH7qX9xG5mIwxkhumTox/MIRNcOgDrxWsMt2pAr23WHp6MrRlN7FBSFpCpr+oVO0F744iUgR82nJMfG2SA==}
    dev: false

  /get-size@2.0.3:
    resolution: {integrity: sha512-lXNzT/h/dTjTxRbm9BXb+SGxxzkm97h/PCIKtlN/CBCxxmkkIVV21udumMS93MuVTDX583gqc94v3RjuHmI+2Q==}
    dev: false

  /get-stdin@4.0.1:
    resolution: {integrity: sha512-F5aQMywwJ2n85s4hJPTT9RPxGmubonuB10MNYo17/xph174n2MIR33HRguhzVag10O/npM7SPk73LMZNP+FaWw==}
    engines: {node: '>=0.10.0'}
    dev: false

  /good-listener@1.2.2:
    resolution: {integrity: sha512-goW1b+d9q/HIwbVYZzZ6SsTr4IgE+WA44A0GmPIQstuOrgsFcT7VEJ48nmr9GaRtNu0XTKacFLGnBPAM6Afouw==}
    dependencies:
      delegate: 3.2.0
    dev: false

  /graceful-fs@4.2.11:
    resolution: {integrity: sha512-RbJ5/jmFcNNCcDV5o9eTnBLJ/HszWV0P73bc+Ff4nS/rJj+YaS6IGyiOL0VoBYX+l1Wrl3k63h/KrH+nhJ0XvQ==}
    dev: false

  /has-flag@3.0.0:
    resolution: {integrity: sha512-sKJf1+ceQBr4SMkvQnBDNDtf4TXpVhVGateu0t918bl30FnbE2m4vNLX+VWe/dpjlb+HugGYzW7uQXH98HPEYw==}
    engines: {node: '>=4'}
    dev: false

  /hasown@2.0.0:
    resolution: {integrity: sha512-vUptKVTpIJhcczKBbgnS+RtcuYMB8+oNzPK2/Hp3hanz8JmpATdmmgLgSaadVREkDm+e2giHwY3ZRkyjSIDDFA==}
    engines: {node: '>= 0.4'}
    dependencies:
      function-bind: 1.1.2
    dev: false

  /hosted-git-info@2.8.9:
    resolution: {integrity: sha512-mxIDAb9Lsm6DoOJ7xH+5+X4y1LU/4Hi50L9C5sIswK3JzULS4bwk1FvjdBgvYR4bzT4tuUQiC15FE2f5HbLvYw==}
    dev: false

  /htmlparser@1.7.7:
    resolution: {integrity: sha512-zpK66ifkT0fauyFh2Mulrq4AqGTucxGtOhZ8OjkbSfcCpkqQEI8qRkY0tSQSJNAQ4HUZkgWaU4fK4EH6SVH9PQ==}
    engines: {node: '>=0.1.33'}
    dev: false

  /iconv-lite@0.6.3:
    resolution: {integrity: sha512-4fCk79wshMdzMp2rH06qWrJE4iolqLhCUH+OiuIgU++RB0+94NlDL81atO7GX55uUKueo0txHNtvEyI6D7WdMw==}
    engines: {node: '>=0.10.0'}
    dependencies:
      safer-buffer: 2.1.2
    dev: false

  /indent-string@2.1.0:
    resolution: {integrity: sha512-aqwDFWSgSgfRaEwao5lg5KEcVd/2a+D1rvoG7NdilmYz0NwRk6StWpWdz/Hpk34MKPpx7s8XxUqimfcQK6gGlg==}
    engines: {node: '>=0.10.0'}
    dependencies:
      repeating: 2.0.1
    dev: false

  /is-arrayish@0.2.1:
    resolution: {integrity: sha512-zz06S8t0ozoDXMG+ube26zeCTNXcKIPJZJi8hBrF4idCLms4CG9QtK7qBl1boi5ODzFpjswb5JPmHCbMpjaYzg==}
    dev: false

  /is-core-module@2.13.1:
    resolution: {integrity: sha512-hHrIjvZsftOsvKSn2TRYl63zvxsgE0K+0mYMoH6gD4omR5IWB2KynivBQczo3+wF1cCkjzvptnI9Q0sPU66ilw==}
    dependencies:
      hasown: 2.0.0
    dev: false

  /is-finite@1.1.0:
    resolution: {integrity: sha512-cdyMtqX/BOqqNBBiKlIVkytNHm49MtMlYyn1zxzvJKWmFMlGzm+ry5BBfYyeY9YmNKbRSo/o7OX9w9ale0wg3w==}
    engines: {node: '>=0.10.0'}
    dev: false

  /is-stream@1.1.0:
    resolution: {integrity: sha512-uQPm8kcs47jx38atAcWTVxyltQYoPT68y9aWYdV6yWXSyW8mzSat0TL6CiWdZeCdF3KrAvpVtnHbTv4RN+rqdQ==}
    engines: {node: '>=0.10.0'}
    dev: false

  /is-utf8@0.2.1:
    resolution: {integrity: sha512-rMYPYvCzsXywIsldgLaSoPlw5PfoB/ssr7hY4pLfcodrA5M/eArza1a9VmTiNIBNMjOGr1Ow9mTyU2o69U6U9Q==}
    dev: false

  /isomorphic-fetch@2.2.1:
    resolution: {integrity: sha512-9c4TNAKYXM5PRyVcwUZrF3W09nQ+sO7+jydgs4ZGW9dhsLG2VOlISJABombdQqQRXCwuYG3sYV/puGf5rp0qmA==}
    dependencies:
      node-fetch: 1.7.3
      whatwg-fetch: 3.6.19
    dev: false

  /jquery@3.7.1:
    resolution: {integrity: sha512-m4avr8yL8kmFN8psrbFFFmB/If14iN5o9nw/NgnnM+kybDJpRsAynV2BsfpTYrTRysYUdADVD7CkUUizgkpLfg==}
    dev: false

  /load-json-file@1.1.0:
    resolution: {integrity: sha512-cy7ZdNRXdablkXYNI049pthVeXFurRyb9+hA/dZzerZ0pGTx42z+y+ssxBaVV2l70t1muq5IdKhn4UtcoGUY9A==}
    engines: {node: '>=0.10.0'}
    dependencies:
      graceful-fs: 4.2.11
      parse-json: 2.2.0
      pify: 2.3.0
      pinkie-promise: 2.0.1
      strip-bom: 2.0.0
    dev: false

  /log-symbols@2.2.0:
    resolution: {integrity: sha512-VeIAFslyIerEJLXHziedo2basKbMKtTw3vfn5IzG0XTjhAVEJyNHnL2p7vc+wBDSdQuUpNw3M2u6xb9QsAY5Eg==}
    engines: {node: '>=4'}
    dependencies:
      chalk: 2.4.2
    dev: false

  /loud-rejection@1.6.0:
    resolution: {integrity: sha512-RPNliZOFkqFumDhvYqOaNY4Uz9oJM2K9tC6JWsJJsNdhuONW4LQHRBpb0qf4pJApVffI5N39SwzWZJuEhfd7eQ==}
    engines: {node: '>=0.10.0'}
    dependencies:
      currently-unhandled: 0.4.1
      signal-exit: 3.0.7
    dev: false

  /map-obj@1.0.1:
    resolution: {integrity: sha512-7N/q3lyZ+LVCp7PzuxrJr4KMbBE2hW7BT7YNia330OFxIf4d3r5zVpicP2650l7CPN6RM9zOJRl3NGpqSiw3Eg==}
    engines: {node: '>=0.10.0'}
    dev: false

  /masonry-layout@4.2.2:
    resolution: {integrity: sha512-iGtAlrpHNyxaR19CvKC3npnEcAwszXoyJiI8ARV2ePi7fmYhIud25MHK8Zx4P0LCC4d3TNO9+rFa1KoK1OEOaA==}
    dependencies:
      get-size: 2.0.3
      outlayer: 2.1.1
    dev: false

  /meow@3.7.0:
    resolution: {integrity: sha512-TNdwZs0skRlpPpCUK25StC4VH+tP5GgeY1HQOOGP+lQ2xtdkN2VtT/5tiX9k3IWpkBPV9b3LsAWXn4GGi/PrSA==}
    engines: {node: '>=0.10.0'}
    dependencies:
      camelcase-keys: 2.1.0
      decamelize: 1.2.0
      loud-rejection: 1.6.0
      map-obj: 1.0.1
      minimist: 1.2.8
      normalize-package-data: 2.5.0
      object-assign: 4.1.1
      read-pkg-up: 1.0.1
      redent: 1.0.0
      trim-newlines: 1.0.0
    dev: false

  /mimic-fn@1.2.0:
    resolution: {integrity: sha512-jf84uxzwiuiIVKiOLpfYk7N46TSy8ubTonmneY9vrpHNAnp0QBt2BxWV9dO3/j+BoVAb+a5G6YDPW3M5HOdMWQ==}
    engines: {node: '>=4'}
    dev: false

  /minimist@1.2.8:
    resolution: {integrity: sha512-2yyAR8qBkN3YuheJanUpWC5U3bb5osDywNB8RzDVlDwDHbocAJveqqj1u8+SVD7jkWT4yvsHCpWqqWqAxb0zCA==}
    dev: false

  /moment@2.29.4:
    resolution: {integrity: sha512-5LC9SOxjSc2HF6vO2CyuTDNivEdoz2IvyJJGj6X8DJ0eFyfszE0QiEd+iXmBvUP3WHxSjFH/vIsA0EN00cgr8w==}
    dev: false

  /node-fetch@1.7.3:
    resolution: {integrity: sha512-NhZ4CsKx7cYm2vSrBAr2PvFOe6sWDf0UYLRqA6svUYg7+/TSfVAu49jYC4BvQ4Sms9SZgdqGBgroqfDhJdTyKQ==}
    dependencies:
      encoding: 0.1.13
      is-stream: 1.1.0
    dev: false

  /normalize-package-data@2.5.0:
    resolution: {integrity: sha512-/5CMN3T0R4XTj4DcGaexo+roZSdSFW/0AOOTROrjxzCG1wrWXEsGbRKevjlIL+ZDE4sZlJr5ED4YW0yqmkK+eA==}
    dependencies:
      hosted-git-info: 2.8.9
      resolve: 1.22.8
      semver: 5.7.2
      validate-npm-package-license: 3.0.4
    dev: false

  /object-assign@4.1.1:
    resolution: {integrity: sha512-rJgTQnkUnH1sFw8yT6VSU3zD3sWmu6sZhIseY8VX+GRu3P6F7Fu+JNDoXfklElbLJSnc3FUQHVe4cU5hj+BcUg==}
    engines: {node: '>=0.10.0'}
    dev: false

  /onetime@2.0.1:
    resolution: {integrity: sha512-oyyPpiMaKARvvcgip+JV+7zci5L8D1W9RZIz2l1o08AM3pfspitVWnPt3mzHcBPp12oYMTy0pqrFs/C+m3EwsQ==}
    engines: {node: '>=4'}
    dependencies:
      mimic-fn: 1.2.0
    dev: false

  /ora@2.1.0:
    resolution: {integrity: sha512-hNNlAd3gfv/iPmsNxYoAPLvxg7HuPozww7fFonMZvL84tP6Ox5igfk5j/+a9rtJJwqMgKK+JgWsAQik5o0HTLA==}
    engines: {node: '>=4'}
    dependencies:
      chalk: 2.4.2
      cli-cursor: 2.1.0
      cli-spinners: 1.3.1
      log-symbols: 2.2.0
      strip-ansi: 4.0.0
      wcwidth: 1.0.1
    dev: false

  /outlayer@2.1.1:
    resolution: {integrity: sha512-+GplXsCQ3VrbGujAeHEzP9SXsBmJxzn/YdDSQZL0xqBmAWBmortu2Y9Gwdp9J0bgDQ8/YNIPMoBM13nTwZfAhw==}
    dependencies:
      ev-emitter: 1.1.1
      fizzy-ui-utils: 2.0.7
      get-size: 2.0.3
    dev: false

  /parse-json@2.2.0:
    resolution: {integrity: sha512-QR/GGaKCkhwk1ePQNYDRKYZ3mwU9ypsKhB0XyFnLQdomyEqk3e8wpW3V5Jp88zbxK4n5ST1nqo+g9juTpownhQ==}
    engines: {node: '>=0.10.0'}
    dependencies:
      error-ex: 1.3.2
    dev: false

  /path-exists@2.1.0:
    resolution: {integrity: sha512-yTltuKuhtNeFJKa1PiRzfLAU5182q1y4Eb4XCJ3PBqyzEDkAZRzBrKKBct682ls9reBVHf9udYLN5Nd+K1B9BQ==}
    engines: {node: '>=0.10.0'}
    dependencies:
      pinkie-promise: 2.0.1
    dev: false

  /path-parse@1.0.7:
    resolution: {integrity: sha512-LDJzPVEEEPR+y48z93A0Ed0yXb8pAByGWo/k5YYdYgpY2/2EsOsksJrq7lOHxryrVOn1ejG6oAp8ahvOIQD8sw==}
    dev: false

  /path-type@1.1.0:
    resolution: {integrity: sha512-S4eENJz1pkiQn9Znv33Q+deTOKmbl+jj1Fl+qiP/vYezj+S8x+J3Uo0ISrx/QoEvIlOaDWJhPaRd1flJ9HXZqg==}
    engines: {node: '>=0.10.0'}
    dependencies:
      graceful-fs: 4.2.11
      pify: 2.3.0
      pinkie-promise: 2.0.1
    dev: false

  /pify@2.3.0:
    resolution: {integrity: sha512-udgsAY+fTnvv7kI7aaxbqwWNb0AHiB0qBO89PZKPkoTmGOgdbrHDKD+0B2X4uTfJ/FT1R09r9gTsjUjNJotuog==}
    engines: {node: '>=0.10.0'}
    dev: false

  /pinkie-promise@2.0.1:
    resolution: {integrity: sha512-0Gni6D4UcLTbv9c57DfxDGdr41XfgUjqWZu492f0cIGr16zDU06BWP/RAEvOuo7CQ0CNjHaLlM59YJJFm3NWlw==}
    engines: {node: '>=0.10.0'}
    dependencies:
      pinkie: 2.0.4
    dev: false

  /pinkie@2.0.4:
    resolution: {integrity: sha512-MnUuEycAemtSaeFSjXKW/aroV7akBbY+Sv+RkyqFjgAe73F+MR0TBWKBRDkmfWq/HiFmdavfZ1G7h4SPZXaCSg==}
    engines: {node: '>=0.10.0'}
    dev: false

  /read-pkg-up@1.0.1:
    resolution: {integrity: sha512-WD9MTlNtI55IwYUS27iHh9tK3YoIVhxis8yKhLpTqWtml739uXc9NWTpxoHkfZf3+DkCCsXox94/VWZniuZm6A==}
    engines: {node: '>=0.10.0'}
    dependencies:
      find-up: 1.1.2
      read-pkg: 1.1.0
    dev: false

  /read-pkg@1.1.0:
    resolution: {integrity: sha512-7BGwRHqt4s/uVbuyoeejRn4YmFnYZiFl4AuaeXHlgZf3sONF0SOGlxs2Pw8g6hCKupo08RafIO5YXFNOKTfwsQ==}
    engines: {node: '>=0.10.0'}
    dependencies:
      load-json-file: 1.1.0
      normalize-package-data: 2.5.0
      path-type: 1.1.0
    dev: false

  /redent@1.0.0:
    resolution: {integrity: sha512-qtW5hKzGQZqKoh6JNSD+4lfitfPKGz42e6QwiRmPM5mmKtR0N41AbJRYu0xJi7nhOJ4WDgRkKvAk6tw4WIwR4g==}
    engines: {node: '>=0.10.0'}
    dependencies:
      indent-string: 2.1.0
      strip-indent: 1.0.1
    dev: false

  /repeating@2.0.1:
    resolution: {integrity: sha512-ZqtSMuVybkISo2OWvqvm7iHSWngvdaW3IpsT9/uP8v4gMi591LY6h35wdOfvQdWCKFWZWm2Y1Opp4kV7vQKT6A==}
    engines: {node: '>=0.10.0'}
    dependencies:
      is-finite: 1.1.0
    dev: false

  /resolve@1.22.8:
    resolution: {integrity: sha512-oKWePCxqpd6FlLvGV1VU0x7bkPmmCNolxzjMf4NczoDnQcIWrAF+cPtZn5i6n+RfD2d9i0tzpKnG6Yk168yIyw==}
    hasBin: true
    dependencies:
      is-core-module: 2.13.1
      path-parse: 1.0.7
      supports-preserve-symlinks-flag: 1.0.0
    dev: false

  /restore-cursor@2.0.0:
    resolution: {integrity: sha512-6IzJLuGi4+R14vwagDHX+JrXmPVtPpn4mffDJ1UdR7/Edm87fl6yi8mMBIVvFtJaNTUvjughmW4hwLhRG7gC1Q==}
    engines: {node: '>=4'}
    dependencies:
      onetime: 2.0.1
      signal-exit: 3.0.7
    dev: false

  /safer-buffer@2.1.2:
    resolution: {integrity: sha512-YZo3K82SD7Riyi0E1EQPojLz7kpepnSQI9IyPbHHg1XXXevb5dJI7tpyN2ADxGcQbHG7vcyRHk0cbwqcQriUtg==}
    dev: false

  /select@1.1.2:
    resolution: {integrity: sha512-OwpTSOfy6xSs1+pwcNrv0RBMOzI39Lp3qQKUTPVVPRjCdNa5JH/oPRiqsesIskK8TVgmRiHwO4KXlV2Li9dANA==}
    dev: false

  /semver@5.7.2:
    resolution: {integrity: sha512-cBznnQ9KjJqU67B52RMC65CMarK2600WFnbkcaiwWq3xy/5haFJlshgnpjovMVJ+Hff49d8GEn0b87C5pDQ10g==}
    hasBin: true
    dev: false

  /signal-exit@3.0.7:
    resolution: {integrity: sha512-wnD2ZE+l+SPC/uoS0vXeE9L1+0wuaMqKlfz9AMUo38JsyLSBWSFcHR1Rri62LZc12vLr1gb3jl7iwQhgwpAbGQ==}
    dev: false

  /spdx-correct@3.2.0:
    resolution: {integrity: sha512-kN9dJbvnySHULIluDHy32WHRUu3Og7B9sbY7tsFLctQkIqnMh3hErYgdMjTYuqmcXX+lK5T1lnUt3G7zNswmZA==}
    dependencies:
      spdx-expression-parse: 3.0.1
      spdx-license-ids: 3.0.16
    dev: false

  /spdx-exceptions@2.3.0:
    resolution: {integrity: sha512-/tTrYOC7PPI1nUAgx34hUpqXuyJG+DTHJTnIULG4rDygi4xu/tfgmq1e1cIRwRzwZgo4NLySi+ricLkZkw4i5A==}
    dev: false

  /spdx-expression-parse@3.0.1:
    resolution: {integrity: sha512-cbqHunsQWnJNE6KhVSMsMeH5H/L9EpymbzqTQ3uLwNCLZ1Q481oWaofqH7nO6V07xlXwY6PhQdQ2IedWx/ZK4Q==}
    dependencies:
      spdx-exceptions: 2.3.0
      spdx-license-ids: 3.0.16
    dev: false

  /spdx-license-ids@3.0.16:
    resolution: {integrity: sha512-eWN+LnM3GR6gPu35WxNgbGl8rmY1AEmoMDvL/QD6zYmPWgywxWqJWNdLGT+ke8dKNWrcYgYjPpG5gbTfghP8rw==}
    dev: false

  /strip-ansi@4.0.0:
    resolution: {integrity: sha512-4XaJ2zQdCzROZDivEVIDPkcQn8LMFSa8kj8Gxb/Lnwzv9A8VctNZ+lfivC/sV3ivW8ElJTERXZoPBRrZKkNKow==}
    engines: {node: '>=4'}
    dependencies:
      ansi-regex: 3.0.1
    dev: false

  /strip-bom@2.0.0:
    resolution: {integrity: sha512-kwrX1y7czp1E69n2ajbG65mIo9dqvJ+8aBQXOGVxqwvNbsXdFM6Lq37dLAY3mknUwru8CfcCbfOLL/gMo+fi3g==}
    engines: {node: '>=0.10.0'}
    dependencies:
      is-utf8: 0.2.1
    dev: false

  /strip-indent@1.0.1:
    resolution: {integrity: sha512-I5iQq6aFMM62fBEAIB/hXzwJD6EEZ0xEGCX2t7oXqaKPIRgt4WruAQ285BISgdkP+HLGWyeGmNJcpIwFeRYRUA==}
    engines: {node: '>=0.10.0'}
    hasBin: true
    dependencies:
      get-stdin: 4.0.1
    dev: false

  /supports-color@5.5.0:
    resolution: {integrity: sha512-QjVjwdXIt408MIiAqCX4oUKsgU2EqAGzs2Ppkm4aQYbjm+ZEWEcW4SfFNTr4uMNZma0ey4f5lgLrkB0aX0QMow==}
    engines: {node: '>=4'}
    dependencies:
      has-flag: 3.0.0
    dev: false

  /supports-preserve-symlinks-flag@1.0.0:
    resolution: {integrity: sha512-ot0WnXS9fgdkgIcePe6RHNk1WA8+muPa6cSjeR3V8K27q9BB1rTE3R1p7Hv0z1ZyAc8s6Vvv8DIyWf681MAt0w==}
    engines: {node: '>= 0.4'}
    dev: false

  /tiny-emitter@2.1.0:
    resolution: {integrity: sha512-NB6Dk1A9xgQPMoGqC5CVXn123gWyte215ONT5Pp5a0yt4nlEoO1ZWeCwpncaekPHXO60i47ihFnZPiRPjRMq4Q==}
    dev: false

  /trim-newlines@1.0.0:
    resolution: {integrity: sha512-Nm4cF79FhSTzrLKGDMi3I4utBtFv8qKy4sq1enftf2gMdpqI8oVQTAfySkTz5r49giVzDj88SVZXP4CeYQwjaw==}
    engines: {node: '>=0.10.0'}
    dev: false

  /validate-npm-package-license@3.0.4:
    resolution: {integrity: sha512-DpKm2Ui/xN7/HQKCtpZxoRWBhZ9Z0kqtygG8XCgNQ8ZlDnxuQmWhj566j8fN4Cu3/JmbhsDo7fcAJq4s9h27Ew==}
    dependencies:
      spdx-correct: 3.2.0
      spdx-expression-parse: 3.0.1
    dev: false

  /wcwidth@1.0.1:
    resolution: {integrity: sha512-XHPEwS0q6TaxcvG85+8EYkbiCux2XtWG2mkc47Ng2A77BQu9+DqIOJldST4HgPkuea7dvKSj5VgX3P1d4rW8Tg==}
    dependencies:
      defaults: 1.0.4
    dev: false

  /whatwg-fetch@3.6.19:
    resolution: {integrity: sha512-d67JP4dHSbm2TrpFj8AbO8DnL1JXL5J9u0Kq2xW6d0TFDbCA3Muhdt8orXC22utleTVj7Prqt82baN6RBvnEgw==}
    dev: false

  github.com/xPaw/PHP-Minecraft-Query/24de69ac33c254aa6ea88cbc4ac2a212ae1b9a86:
    resolution: {tarball: https://codeload.github.com/xPaw/PHP-Minecraft-Query/tar.gz/24de69ac33c254aa6ea88cbc4ac2a212ae1b9a86}
    name: PHP-Minecraft-Query
    version: 0.0.0
    dev: false

  github.com/xPaw/PHP-Source-Query/f82a59f1f5a58369e8d3a03f62a87d6debba1e2a:
    resolution: {tarball: https://codeload.github.com/xPaw/PHP-Source-Query/tar.gz/f82a59f1f5a58369e8d3a03f62a87d6debba1e2a}
    name: PHP-Source-Query
    version: 0.0.0
    dev: false
